
Microsoft Visual Studio Solution File, Format Version 12.00
# Visual Studio Version 17
VisualStudioVersion = 17.7.34024.191
MinimumVisualStudioVersion = 10.0.40219.1
Project("{FAE04EC0-301F-11D3-BF4B-00C04F79EFBC}") = "WpfApp1", "WpfApp1\WpfApp1.csproj", "{F98B74D6-B8B6-4A13-B0A7-0745046A9326}"
EndProject
Project("{FAE04EC0-301F-11D3-BF4B-00C04F79EFBC}") = "ConsoleApp1", "ConsoleApp1\ConsoleApp1.csproj", "{0C50885C-6A17-4483-8434-D4F4AE020C8D}"
EndProject
Global
	GlobalSection(SolutionConfigurationPlatforms) = preSolution
		Debug|Any CPU = Debug|Any CPU
		Release|Any CPU = Release|Any CPU
	EndGlobalSection
	GlobalSection(ProjectConfigurationPlatforms) = postSolution
		{F98B74D6-B8B6-4A13-B0A7-0745046A9326}.Debug|Any CPU.ActiveCfg = Debug|Any CPU
		{F98B74D6-B8B6-4A13-B0A7-0745046A9326}.Debug|Any CPU.Build.0 = Debug|Any CPU
		{F98B74D6-B8B6-4A13-B0A7-0745046A9326}.Release|Any CPU.ActiveCfg = Release|Any CPU
		{F98B74D6-B8B6-4A13-B0A7-0745046A9326}.Release|Any CPU.Build.0 = Release|Any CPU
		{0C50885C-6A17-4483-8434-D4F4AE020C8D}.Debug|Any CPU.ActiveCfg = Debug|Any CPU
		{0C50885C-6A17-4483-8434-D4F4AE020C8D}.Debug|Any CPU.Build.0 = Debug|Any CPU
		{0C50885C-6A17-4483-8434-D4F4AE020C8D}.Release|Any CPU.ActiveCfg = Release|Any CPU
		{0C50885C-6A17-4483-8434-D4F4AE020C8D}.Release|Any CPU.Build.0 = Release|Any CPU
	EndGlobalSection
	GlobalSection(SolutionProperties) = preSolution
		HideSolutionNode = FALSE
	EndGlobalSection
	GlobalSection(ExtensibilityGlobals) = postSolution
		SolutionGuid = {C0A013DF-BB3A-484F-9502-C8A05F7D0F06}
	EndGlobalSection
EndGlobal
